
Microsoft Visual Studio Solution File, Format Version 12.00
# Visual Studio Version 16
VisualStudioVersion = 16.0.30804.86
MinimumVisualStudioVersion = 10.0.40219.1
Project("{2150E333-8FDC-42A3-9474-1A3956D46DE8}") = "src", "src", "{759C8388-C904-48FB-8687-1D6FF2CD9248}"
EndProject
Project("{2150E333-8FDC-42A3-9474-1A3956D46DE8}") = "Shared", "Shared", "{00315F56-CBB2-4D1E-A4F7-49EA441842DA}"
EndProject
Project("{9A19103F-16F7-4668-BE54-9A1E7A4F7556}") = "TravelFriend.Domain.Abstractions", "Shared\TravelFriend.Domain.Abstractions\TravelFriend.Domain.Abstractions.csproj", "{D5F2CDAE-70EA-4AEB-886D-EDF9311B8033}"
EndProject
Project("{9A19103F-16F7-4668-BE54-9A1E7A4F7556}") = "TravelFriend.Infrastructure.Core", "Shared\TravelFriend.Infrastructure.Core\TravelFriend.Infrastructure.Core.csproj", "{9117D5EF-7C83-42C1-B17D-F15B94A16898}"
EndProject
Project("{2150E333-8FDC-42A3-9474-1A3956D46DE8}") = "Services", "Services", "{D122B8C4-5CE3-4531-914A-C058DD518A9D}"
EndProject
Project("{2150E333-8FDC-42A3-9474-1A3956D46DE8}") = "UserService", "UserService", "{3669389A-BB51-40FF-81EC-BE6F957B8372}"
EndProject
Project("{9A19103F-16F7-4668-BE54-9A1E7A4F7556}") = "TravelFriend.UserService.Domain", "Services\UserService\TravelFriend.UserService.Domain\TravelFriend.UserService.Domain.csproj", "{5EBA93C0-1A6D-46AC-9BA8-9D3FEDE6112E}"
EndProject
Project("{9A19103F-16F7-4668-BE54-9A1E7A4F7556}") = "TravelFriend.UserService.Infrastructure", "Services\UserService\TravelFriend.UserService.Infrastructure\TravelFriend.UserService.Infrastructure.csproj", "{FDEA4E2D-5F50-4D7B-96C7-E4622A909E87}"
EndProject
Project("{9A19103F-16F7-4668-BE54-9A1E7A4F7556}") = "TravelFriend.UserService.Api", "Services\UserService\TravelFriend.UserService.Api\TravelFriend.UserService.Api.csproj", "{5DC92957-503F-4C84-83C3-38563ABB9FB5}"
EndProject
Project("{9A19103F-16F7-4668-BE54-9A1E7A4F7556}") = "TravelFriend.Gateway.Web", "Apigateways\TravelFriend.Gateway.Web\TravelFriend.Gateway.Web.csproj", "{A6330674-F378-4E55-AE39-4CA2C0AE0686}"
EndProject
Project("{2150E333-8FDC-42A3-9474-1A3956D46DE8}") = "Apigateways", "Apigateways", "{1DDC2FE2-E3C1-4AFF-9B49-048FB7DF301D}"
EndProject
Project("{2150E333-8FDC-42A3-9474-1A3956D46DE8}") = "Identity", "Identity", "{27ECB3AD-E5B1-4F4C-9632-F1D1E4BD454D}"
EndProject
Project("{FAE04EC0-301F-11D3-BF4B-00C04F79EFBC}") = "TravelFriend.Identity", "Services\Identity\TravelFriend.Identity\TravelFriend.Identity.csproj", "{30B3A142-99B6-4779-8525-F56855C3A9A5}"
EndProject
Project("{FAE04EC0-301F-11D3-BF4B-00C04F79EFBC}") = "TravelFriend.Common", "Shared\TravelFriend.Common\TravelFriend.Common.csproj", "{61F5CE4E-5B7A-4FBF-9309-0275774841D2}"
EndProject
Global
	GlobalSection(SolutionConfigurationPlatforms) = preSolution
		Debug|Any CPU = Debug|Any CPU
		Release|Any CPU = Release|Any CPU
	EndGlobalSection
	GlobalSection(ProjectConfigurationPlatforms) = postSolution
		{D5F2CDAE-70EA-4AEB-886D-EDF9311B8033}.Debug|Any CPU.ActiveCfg = Debug|Any CPU
		{D5F2CDAE-70EA-4AEB-886D-EDF9311B8033}.Debug|Any CPU.Build.0 = Debug|Any CPU
		{D5F2CDAE-70EA-4AEB-886D-EDF9311B8033}.Release|Any CPU.ActiveCfg = Release|Any CPU
		{D5F2CDAE-70EA-4AEB-886D-EDF9311B8033}.Release|Any CPU.Build.0 = Release|Any CPU
		{9117D5EF-7C83-42C1-B17D-F15B94A16898}.Debug|Any CPU.ActiveCfg = Debug|Any CPU
		{9117D5EF-7C83-42C1-B17D-F15B94A16898}.Debug|Any CPU.Build.0 = Debug|Any CPU
		{9117D5EF-7C83-42C1-B17D-F15B94A16898}.Release|Any CPU.ActiveCfg = Release|Any CPU
		{9117D5EF-7C83-42C1-B17D-F15B94A16898}.Release|Any CPU.Build.0 = Release|Any CPU
		{5EBA93C0-1A6D-46AC-9BA8-9D3FEDE6112E}.Debug|Any CPU.ActiveCfg = Debug|Any CPU
		{5EBA93C0-1A6D-46AC-9BA8-9D3FEDE6112E}.Debug|Any CPU.Build.0 = Debug|Any CPU
		{5EBA93C0-1A6D-46AC-9BA8-9D3FEDE6112E}.Release|Any CPU.ActiveCfg = Release|Any CPU
		{5EBA93C0-1A6D-46AC-9BA8-9D3FEDE6112E}.Release|Any CPU.Build.0 = Release|Any CPU
		{FDEA4E2D-5F50-4D7B-96C7-E4622A909E87}.Debug|Any CPU.ActiveCfg = Debug|Any CPU
		{FDEA4E2D-5F50-4D7B-96C7-E4622A909E87}.Debug|Any CPU.Build.0 = Debug|Any CPU
		{FDEA4E2D-5F50-4D7B-96C7-E4622A909E87}.Release|Any CPU.ActiveCfg = Release|Any CPU
		{FDEA4E2D-5F50-4D7B-96C7-E4622A909E87}.Release|Any CPU.Build.0 = Release|Any CPU
		{5DC92957-503F-4C84-83C3-38563ABB9FB5}.Debug|Any CPU.ActiveCfg = Debug|Any CPU
		{5DC92957-503F-4C84-83C3-38563ABB9FB5}.Debug|Any CPU.Build.0 = Debug|Any CPU
		{5DC92957-503F-4C84-83C3-38563ABB9FB5}.Release|Any CPU.ActiveCfg = Release|Any CPU
		{5DC92957-503F-4C84-83C3-38563ABB9FB5}.Release|Any CPU.Build.0 = Release|Any CPU
		{A6330674-F378-4E55-AE39-4CA2C0AE0686}.Debug|Any CPU.ActiveCfg = Debug|Any CPU
		{A6330674-F378-4E55-AE39-4CA2C0AE0686}.Debug|Any CPU.Build.0 = Debug|Any CPU
		{A6330674-F378-4E55-AE39-4CA2C0AE0686}.Release|Any CPU.ActiveCfg = Release|Any CPU
		{A6330674-F378-4E55-AE39-4CA2C0AE0686}.Release|Any CPU.Build.0 = Release|Any CPU
		{30B3A142-99B6-4779-8525-F56855C3A9A5}.Debug|Any CPU.ActiveCfg = Debug|Any CPU
		{30B3A142-99B6-4779-8525-F56855C3A9A5}.Debug|Any CPU.Build.0 = Debug|Any CPU
		{30B3A142-99B6-4779-8525-F56855C3A9A5}.Release|Any CPU.ActiveCfg = Release|Any CPU
		{30B3A142-99B6-4779-8525-F56855C3A9A5}.Release|Any CPU.Build.0 = Release|Any CPU
		{61F5CE4E-5B7A-4FBF-9309-0275774841D2}.Debug|Any CPU.ActiveCfg = Debug|Any CPU
		{61F5CE4E-5B7A-4FBF-9309-0275774841D2}.Debug|Any CPU.Build.0 = Debug|Any CPU
		{61F5CE4E-5B7A-4FBF-9309-0275774841D2}.Release|Any CPU.ActiveCfg = Release|Any CPU
		{61F5CE4E-5B7A-4FBF-9309-0275774841D2}.Release|Any CPU.Build.0 = Release|Any CPU
	EndGlobalSection
	GlobalSection(SolutionProperties) = preSolution
		HideSolutionNode = FALSE
	EndGlobalSection
	GlobalSection(NestedProjects) = preSolution
		{00315F56-CBB2-4D1E-A4F7-49EA441842DA} = {759C8388-C904-48FB-8687-1D6FF2CD9248}
		{D5F2CDAE-70EA-4AEB-886D-EDF9311B8033} = {00315F56-CBB2-4D1E-A4F7-49EA441842DA}
		{9117D5EF-7C83-42C1-B17D-F15B94A16898} = {00315F56-CBB2-4D1E-A4F7-49EA441842DA}
		{D122B8C4-5CE3-4531-914A-C058DD518A9D} = {759C8388-C904-48FB-8687-1D6FF2CD9248}
		{3669389A-BB51-40FF-81EC-BE6F957B8372} = {D122B8C4-5CE3-4531-914A-C058DD518A9D}
		{5EBA93C0-1A6D-46AC-9BA8-9D3FEDE6112E} = {3669389A-BB51-40FF-81EC-BE6F957B8372}
		{FDEA4E2D-5F50-4D7B-96C7-E4622A909E87} = {3669389A-BB51-40FF-81EC-BE6F957B8372}
		{5DC92957-503F-4C84-83C3-38563ABB9FB5} = {3669389A-BB51-40FF-81EC-BE6F957B8372}
		{A6330674-F378-4E55-AE39-4CA2C0AE0686} = {1DDC2FE2-E3C1-4AFF-9B49-048FB7DF301D}
		{1DDC2FE2-E3C1-4AFF-9B49-048FB7DF301D} = {759C8388-C904-48FB-8687-1D6FF2CD9248}
		{27ECB3AD-E5B1-4F4C-9632-F1D1E4BD454D} = {D122B8C4-5CE3-4531-914A-C058DD518A9D}
		{30B3A142-99B6-4779-8525-F56855C3A9A5} = {27ECB3AD-E5B1-4F4C-9632-F1D1E4BD454D}
		{61F5CE4E-5B7A-4FBF-9309-0275774841D2} = {00315F56-CBB2-4D1E-A4F7-49EA441842DA}
	EndGlobalSection
	GlobalSection(ExtensibilityGlobals) = postSolution
		SolutionGuid = {61BF848F-621F-40F4-8B3F-4B3323553AE2}
	EndGlobalSection
EndGlobal
